// !$*UTF8*$!
{
	archiveVersion = 1;
	classes = {
	};
	objectVersion = 50;
	objects = {

/* Begin PBXBuildFile section */
		0C354C1F2294E4DA0004C42E /* AppDelegate.swift in Sources */ = {isa = PBXBuildFile; fileRef = 0C354C1E2294E4DA0004C42E /* AppDelegate.swift */; };
		0C354C212294E4DA0004C42E /* GameScene.sks in Resources */ = {isa = PBXBuildFile; fileRef = 0C354C202294E4DA0004C42E /* GameScene.sks */; };
		0C354C252294E4DA0004C42E /* GameScene.swift in Sources */ = {isa = PBXBuildFile; fileRef = 0C354C242294E4DA0004C42E /* GameScene.swift */; };
		0C354C272294E4DA0004C42E /* GameViewController.swift in Sources */ = {isa = PBXBuildFile; fileRef = 0C354C262294E4DA0004C42E /* GameViewController.swift */; };
		0C354C2A2294E4DA0004C42E /* Main.storyboard in Resources */ = {isa = PBXBuildFile; fileRef = 0C354C282294E4DA0004C42E /* Main.storyboard */; };
		0C354C2C2294E4DB0004C42E /* Assets.xcassets in Resources */ = {isa = PBXBuildFile; fileRef = 0C354C2B2294E4DB0004C42E /* Assets.xcassets */; };
		0C354C2F2294E4DB0004C42E /* LaunchScreen.storyboard in Resources */ = {isa = PBXBuildFile; fileRef = 0C354C2D2294E4DB0004C42E /* LaunchScreen.storyboard */; };
		0C354C3A2294E4DB0004C42E /* SnakeTests.swift in Sources */ = {isa = PBXBuildFile; fileRef = 0C354C392294E4DB0004C42E /* SnakeTests.swift */; };
		0C354C452294E4DB0004C42E /* SnakeUITests.swift in Sources */ = {isa = PBXBuildFile; fileRef = 0C354C442294E4DB0004C42E /* SnakeUITests.swift */; };
		0C354C532294FF630004C42E /* GameManager.swift in Sources */ = {isa = PBXBuildFile; fileRef = 0C354C522294FF630004C42E /* GameManager.swift */; };
/* End PBXBuildFile section */

/* Begin PBXContainerItemProxy section */
		0C354C362294E4DB0004C42E /* PBXContainerItemProxy */ = {
			isa = PBXContainerItemProxy;
			containerPortal = 0C354C132294E4DA0004C42E /* Project object */;
			proxyType = 1;
			remoteGlobalIDString = 0C354C1A2294E4DA0004C42E;
			remoteInfo = Snake;
		};
		0C354C412294E4DB0004C42E /* PBXContainerItemProxy */ = {
			isa = PBXContainerItemProxy;
			containerPortal = 0C354C132294E4DA0004C42E /* Project object */;
			proxyType = 1;
			remoteGlobalIDString = 0C354C1A2294E4DA0004C42E;
			remoteInfo = Snake;
		};
/* End PBXContainerItemProxy section */

/* Begin PBXFileReference section */
		0C354C1B2294E4DA0004C42E /* Snake.app */ = {isa = PBXFileReference; explicitFileType = wrapper.application; includeInIndex = 0; path = Snake.app; sourceTree = BUILT_PRODUCTS_DIR; };
		0C354C1E2294E4DA0004C42E /* AppDelegate.swift */ = {isa = PBXFileReference; lastKnownFileType = sourcecode.swift; path = AppDelegate.swift; sourceTree = "<group>"; };
		0C354C202294E4DA0004C42E /* GameScene.sks */ = {isa = PBXFileReference; lastKnownFileType = file.sks; path = GameScene.sks; sourceTree = "<group>"; };
		0C354C242294E4DA0004C42E /* GameScene.swift */ = {isa = PBXFileReference; lastKnownFileType = sourcecode.swift; path = GameScene.swift; sourceTree = "<group>"; };
		0C354C262294E4DA0004C42E /* GameViewController.swift */ = {isa = PBXFileReference; lastKnownFileType = sourcecode.swift; path = GameViewController.swift; sourceTree = "<group>"; };
		0C354C292294E4DA0004C42E /* Base */ = {isa = PBXFileReference; lastKnownFileType = file.storyboard; name = Base; path = Base.lproj/Main.storyboard; sourceTree = "<group>"; };
		0C354C2B2294E4DB0004C42E /* Assets.xcassets */ = {isa = PBXFileReference; lastKnownFileType = folder.assetcatalog; path = Assets.xcassets; sourceTree = "<group>"; };
		0C354C2E2294E4DB0004C42E /* Base */ = {isa = PBXFileReference; lastKnownFileType = file.storyboard; name = Base; path = Base.lproj/LaunchScreen.storyboard; sourceTree = "<group>"; };
		0C354C302294E4DB0004C42E /* Info.plist */ = {isa = PBXFileReference; lastKnownFileType = text.plist.xml; path = Info.plist; sourceTree = "<group>"; };
		0C354C352294E4DB0004C42E /* SnakeTests.xctest */ = {isa = PBXFileReference; explicitFileType = wrapper.cfbundle; includeInIndex = 0; path = SnakeTests.xctest; sourceTree = BUILT_PRODUCTS_DIR; };
		0C354C392294E4DB0004C42E /* SnakeTests.swift */ = {isa = PBXFileReference; lastKnownFileType = sourcecode.swift; path = SnakeTests.swift; sourceTree = "<group>"; };
		0C354C3B2294E4DB0004C42E /* Info.plist */ = {isa = PBXFileReference; lastKnownFileType = text.plist.xml; path = Info.plist; sourceTree = "<group>"; };
		0C354C402294E4DB0004C42E /* SnakeUITests.xctest */ = {isa = PBXFileReference; explicitFileType = wrapper.cfbundle; includeInIndex = 0; path = SnakeUITests.xctest; sourceTree = BUILT_PRODUCTS_DIR; };
		0C354C442294E4DB0004C42E /* SnakeUITests.swift */ = {isa = PBXFileReference; lastKnownFileType = sourcecode.swift; path = SnakeUITests.swift; sourceTree = "<group>"; };
		0C354C462294E4DB0004C42E /* Info.plist */ = {isa = PBXFileReference; lastKnownFileType = text.plist.xml; path = Info.plist; sourceTree = "<group>"; };
		0C354C522294FF630004C42E /* GameManager.swift */ = {isa = PBXFileReference; lastKnownFileType = sourcecode.swift; path = GameManager.swift; sourceTree = "<group>"; };
/* End PBXFileReference section */

/* Begin PBXFrameworksBuildPhase section */
		0C354C182294E4DA0004C42E /* Frameworks */ = {
			isa = PBXFrameworksBuildPhase;
			buildActionMask = 2147483647;
			files = (
			);
			runOnlyForDeploymentPostprocessing = 0;
		};
		0C354C322294E4DB0004C42E /* Frameworks */ = {
			isa = PBXFrameworksBuildPhase;
			buildActionMask = 2147483647;
			files = (
			);
			runOnlyForDeploymentPostprocessing = 0;
		};
		0C354C3D2294E4DB0004C42E /* Frameworks */ = {
			isa = PBXFrameworksBuildPhase;
			buildActionMask = 2147483647;
			files = (
			);
			runOnlyForDeploymentPostprocessing = 0;
		};
/* End PBXFrameworksBuildPhase section */

/* Begin PBXGroup section */
		0C354C122294E4DA0004C42E = {
			isa = PBXGroup;
			children = (
				0C354C1D2294E4DA0004C42E /* Snake */,
				0C354C382294E4DB0004C42E /* SnakeTests */,
				0C354C432294E4DB0004C42E /* SnakeUITests */,
				0C354C1C2294E4DA0004C42E /* Products */,
			);
			sourceTree = "<group>";
		};
		0C354C1C2294E4DA0004C42E /* Products */ = {
			isa = PBXGroup;
			children = (
				0C354C1B2294E4DA0004C42E /* Snake.app */,
				0C354C352294E4DB0004C42E /* SnakeTests.xctest */,
				0C354C402294E4DB0004C42E /* SnakeUITests.xctest */,
			);
			name = Products;
			sourceTree = "<group>";
		};
		0C354C1D2294E4DA0004C42E /* Snake */ = {
			isa = PBXGroup;
			children = (
				0C354C1E2294E4DA0004C42E /* AppDelegate.swift */,
				0C354C202294E4DA0004C42E /* GameScene.sks */,
				0C354C242294E4DA0004C42E /* GameScene.swift */,
				0C354C522294FF630004C42E /* GameManager.swift */,
				0C354C262294E4DA0004C42E /* GameViewController.swift */,
				0C354C282294E4DA0004C42E /* Main.storyboard */,
				0C354C2B2294E4DB0004C42E /* Assets.xcassets */,
				0C354C2D2294E4DB0004C42E /* LaunchScreen.storyboard */,
				0C354C302294E4DB0004C42E /* Info.plist */,
			);
			path = Snake;
			sourceTree = "<group>";
		};
		0C354C382294E4DB0004C42E /* SnakeTests */ = {
			isa = PBXGroup;
			children = (
				0C354C392294E4DB0004C42E /* SnakeTests.swift */,
				0C354C3B2294E4DB0004C42E /* Info.plist */,
			);
			path = SnakeTests;
			sourceTree = "<group>";
		};
		0C354C432294E4DB0004C42E /* SnakeUITests */ = {
			isa = PBXGroup;
			children = (
				0C354C442294E4DB0004C42E /* SnakeUITests.swift */,
				0C354C462294E4DB0004C42E /* Info.plist */,
			);
			path = SnakeUITests;
			sourceTree = "<group>";
		};
/* End PBXGroup section */

/* Begin PBXNativeTarget section */
		0C354C1A2294E4DA0004C42E /* Snake */ = {
			isa = PBXNativeTarget;
			buildConfigurationList = 0C354C492294E4DB0004C42E /* Build configuration list for PBXNativeTarget "Snake" */;
			buildPhases = (
				0C354C172294E4DA0004C42E /* Sources */,
				0C354C182294E4DA0004C42E /* Frameworks */,
				0C354C192294E4DA0004C42E /* Resources */,
			);
			buildRules = (
			);
			dependencies = (
			);
			name = Snake;
			productName = Snake;
			productReference = 0C354C1B2294E4DA0004C42E /* Snake.app */;
			productType = "com.apple.product-type.application";
		};
		0C354C342294E4DB0004C42E /* SnakeTests */ = {
			isa = PBXNativeTarget;
			buildConfigurationList = 0C354C4C2294E4DB0004C42E /* Build configuration list for PBXNativeTarget "SnakeTests" */;
			buildPhases = (
				0C354C312294E4DB0004C42E /* Sources */,
				0C354C322294E4DB0004C42E /* Frameworks */,
				0C354C332294E4DB0004C42E /* Resources */,
			);
			buildRules = (
			);
			dependencies = (
				0C354C372294E4DB0004C42E /* PBXTargetDependency */,
			);
			name = SnakeTests;
			productName = SnakeTests;
			productReference = 0C354C352294E4DB0004C42E /* SnakeTests.xctest */;
			productType = "com.apple.product-type.bundle.unit-test";
		};
		0C354C3F2294E4DB0004C42E /* SnakeUITests */ = {
			isa = PBXNativeTarget;
			buildConfigurationList = 0C354C4F2294E4DB0004C42E /* Build configuration list for PBXNativeTarget "SnakeUITests" */;
			buildPhases = (
				0C354C3C2294E4DB0004C42E /* Sources */,
				0C354C3D2294E4DB0004C42E /* Frameworks */,
				0C354C3E2294E4DB0004C42E /* Resources */,
			);
			buildRules = (
			);
			dependencies = (
				0C354C422294E4DB0004C42E /* PBXTargetDependency */,
			);
			name = SnakeUITests;
			productName = SnakeUITests;
			productReference = 0C354C402294E4DB0004C42E /* SnakeUITests.xctest */;
			productType = "com.apple.product-type.bundle.ui-testing";
		};
/* End PBXNativeTarget section */

/* Begin PBXProject section */
		0C354C132294E4DA0004C42E /* Project object */ = {
			isa = PBXProject;
			attributes = {
				LastSwiftUpdateCheck = 1020;
				LastUpgradeCheck = 1020;
				ORGANIZATIONNAME = "Alice Gamarnik";
				TargetAttributes = {
					0C354C1A2294E4DA0004C42E = {
						CreatedOnToolsVersion = 10.2.1;
					};
					0C354C342294E4DB0004C42E = {
						CreatedOnToolsVersion = 10.2.1;
						TestTargetID = 0C354C1A2294E4DA0004C42E;
					};
					0C354C3F2294E4DB0004C42E = {
						CreatedOnToolsVersion = 10.2.1;
						TestTargetID = 0C354C1A2294E4DA0004C42E;
					};
				};
			};
			buildConfigurationList = 0C354C162294E4DA0004C42E /* Build configuration list for PBXProject "Snake" */;
			compatibilityVersion = "Xcode 9.3";
			developmentRegion = en;
			hasScannedForEncodings = 0;
			knownRegions = (
				en,
				Base,
			);
			mainGroup = 0C354C122294E4DA0004C42E;
			productRefGroup = 0C354C1C2294E4DA0004C42E /* Products */;
			projectDirPath = "";
			projectRoot = "";
			targets = (
				0C354C1A2294E4DA0004C42E /* Snake */,
				0C354C342294E4DB0004C42E /* SnakeTests */,
				0C354C3F2294E4DB0004C42E /* SnakeUITests */,
			);
		};
/* End PBXProject section */

/* Begin PBXResourcesBuildPhase section */
		0C354C192294E4DA0004C42E /* Resources */ = {
			isa = PBXResourcesBuildPhase;
			buildActionMask = 2147483647;
			files = (
				0C354C2A2294E4DA0004C42E /* Main.storyboard in Resources */,
				0C354C212294E4DA0004C42E /* GameScene.sks in Resources */,
				0C354C2C2294E4DB0004C42E /* Assets.xcassets in Resources */,
				0C354C2F2294E4DB0004C42E /* LaunchScreen.storyboard in Resources */,
			);
			runOnlyForDeploymentPostprocessing = 0;
		};
		0C354C332294E4DB0004C42E /* Resources */ = {
			isa = PBXResourcesBuildPhase;
			buildActionMask = 2147483647;
			files = (
			);
			runOnlyForDeploymentPostprocessing = 0;
		};
		0C354C3E2294E4DB0004C42E /* Resources */ = {
			isa = PBXResourcesBuildPhase;
			buildActionMask = 2147483647;
			files = (
			);
			runOnlyForDeploymentPostprocessing = 0;
		};
/* End PBXResourcesBuildPhase section */

/* Begin PBXSourcesBuildPhase section */
		0C354C172294E4DA0004C42E /* Sources */ = {
			isa = PBXSourcesBuildPhase;
			buildActionMask = 2147483647;
			files = (
				0C354C532294FF630004C42E /* GameManager.swift in Sources */,
				0C354C252294E4DA0004C42E /* GameScene.swift in Sources */,
				0C354C272294E4DA0004C42E /* GameViewController.swift in Sources */,
				0C354C1F2294E4DA0004C42E /* AppDelegate.swift in Sources */,
			);
			runOnlyForDeploymentPostprocessing = 0;
		};
		0C354C312294E4DB0004C42E /* Sources */ = {
			isa = PBXSourcesBuildPhase;
			buildActionMask = 2147483647;
			files = (
				0C354C3A2294E4DB0004C42E /* SnakeTests.swift in Sources */,
			);
			runOnlyForDeploymentPostprocessing = 0;
		};
		0C354C3C2294E4DB0004C42E /* Sources */ = {
			isa = PBXSourcesBuildPhase;
			buildActionMask = 2147483647;
			files = (
				0C354C452294E4DB0004C42E /* SnakeUITests.swift in Sources */,
			);
			runOnlyForDeploymentPostprocessing = 0;
		};
/* End PBXSourcesBuildPhase section */

/* Begin PBXTargetDependency section */
		0C354C372294E4DB0004C42E /* PBXTargetDependency */ = {
			isa = PBXTargetDependency;
			target = 0C354C1A2294E4DA0004C42E /* Snake */;
			targetProxy = 0C354C362294E4DB0004C42E /* PBXContainerItemProxy */;
		};
		0C354C422294E4DB0004C42E /* PBXTargetDependency */ = {
			isa = PBXTargetDependency;
			target = 0C354C1A2294E4DA0004C42E /* Snake */;
			targetProxy = 0C354C412294E4DB0004C42E /* PBXContainerItemProxy */;
		};
/* End PBXTargetDependency section */

/* Begin PBXVariantGroup section */
		0C354C282294E4DA0004C42E /* Main.storyboard */ = {
			isa = PBXVariantGroup;
			children = (
				0C354C292294E4DA0004C42E /* Base */,
			);
			name = Main.storyboard;
			sourceTree = "<group>";
		};
		0C354C2D2294E4DB0004C42E /* LaunchScreen.storyboard */ = {
			isa = PBXVariantGroup;
			children = (
				0C354C2E2294E4DB0004C42E /* Base */,
			);
			name = LaunchScreen.storyboard;
			sourceTree = "<group>";
		};
/* End PBXVariantGroup section */

/* Begin XCBuildConfiguration section */
		0C354C472294E4DB0004C42E /* Debug */ = {
			isa = XCBuildConfiguration;
			buildSettings = {
				ALWAYS_SEARCH_USER_PATHS = NO;
				CLANG_ANALYZER_NONNULL = YES;
				CLANG_ANALYZER_NUMBER_OBJECT_CONVERSION = YES_AGGRESSIVE;
				CLANG_CXX_LANGUAGE_STANDARD = "gnu++14";
				CLANG_CXX_LIBRARY = "libc++";
				CLANG_ENABLE_MODULES = YES;
				CLANG_ENABLE_OBJC_ARC = YES;
				CLANG_ENABLE_OBJC_WEAK = YES;
				CLANG_WARN_BLOCK_CAPTURE_AUTORELEASING = YES;
				CLANG_WARN_BOOL_CONVERSION = YES;
				CLANG_WARN_COMMA = YES;
				CLANG_WARN_CONSTANT_CONVERSION = YES;
				CLANG_WARN_DEPRECATED_OBJC_IMPLEMENTATIONS = YES;
				CLANG_WARN_DIRECT_OBJC_ISA_USAGE = YES_ERROR;
				CLANG_WARN_DOCUMENTATION_COMMENTS = YES;
				CLANG_WARN_EMPTY_BODY = YES;
				CLANG_WARN_ENUM_CONVERSION = YES;
				CLANG_WARN_INFINITE_RECURSION = YES;
				CLANG_WARN_INT_CONVERSION = YES;
				CLANG_WARN_NON_LITERAL_NULL_CONVERSION = YES;
				CLANG_WARN_OBJC_IMPLICIT_RETAIN_SELF = YES;
				CLANG_WARN_OBJC_LITERAL_CONVERSION = YES;
				CLANG_WARN_OBJC_ROOT_CLASS = YES_ERROR;
				CLANG_WARN_RANGE_LOOP_ANALYSIS = YES;
				CLANG_WARN_STRICT_PROTOTYPES = YES;
				CLANG_WARN_SUSPICIOUS_MOVE = YES;
				CLANG_WARN_UNGUARDED_AVAILABILITY = YES_AGGRESSIVE;
				CLANG_WARN_UNREACHABLE_CODE = YES;
				CLANG_WARN__DUPLICATE_METHOD_MATCH = YES;
				CODE_SIGN_IDENTITY = "iPhone Developer";
				COPY_PHASE_STRIP = NO;
				DEBUG_INFORMATION_FORMAT = dwarf;
				ENABLE_STRICT_OBJC_MSGSEND = YES;
				ENABLE_TESTABILITY = YES;
				GCC_C_LANGUAGE_STANDARD = gnu11;
				GCC_DYNAMIC_NO_PIC = NO;
				GCC_NO_COMMON_BLOCKS = YES;
				GCC_OPTIMIZATION_LEVEL = 0;
				GCC_PREPROCESSOR_DEFINITIONS = (
					"DEBUG=1",
					"$(inherited)",
				);
				GCC_WARN_64_TO_32_BIT_CONVERSION = YES;
				GCC_WARN_ABOUT_RETURN_TYPE = YES_ERROR;
				GCC_WARN_UNDECLARED_SELECTOR = YES;
				GCC_WARN_UNINITIALIZED_AUTOS = YES_AGGRESSIVE;
				GCC_WARN_UNUSED_FUNCTION = YES;
				GCC_WARN_UNUSED_VARIABLE = YES;
				IPHONEOS_DEPLOYMENT_TARGET = 12.2;
				MTL_ENABLE_DEBUG_INFO = INCLUDE_SOURCE;
				MTL_FAST_MATH = YES;
				ONLY_ACTIVE_ARCH = YES;
				SDKROOT = iphoneos;
				SWIFT_ACTIVE_COMPILATION_CONDITIONS = DEBUG;
				SWIFT_OPTIMIZATION_LEVEL = "-Onone";
			};
			name = Debug;
		};
		0C354C482294E4DB0004C42E /* Release */ = {
			isa = XCBuildConfiguration;
			buildSettings = {
				ALWAYS_SEARCH_USER_PATHS = NO;
				CLANG_ANALYZER_NONNULL = YES;
				CLANG_ANALYZER_NUMBER_OBJECT_CONVERSION = YES_AGGRESSIVE;
				CLANG_CXX_LANGUAGE_STANDARD = "gnu++14";
				CLANG_CXX_LIBRARY = "libc++";
				CLANG_ENABLE_MODULES = YES;
				CLANG_ENABLE_OBJC_ARC = YES;
				CLANG_ENABLE_OBJC_WEAK = YES;
				CLANG_WARN_BLOCK_CAPTURE_AUTORELEASING = YES;
				CLANG_WARN_BOOL_CONVERSION = YES;
				CLANG_WARN_COMMA = YES;
				CLANG_WARN_CONSTANT_CONVERSION = YES;
				CLANG_WARN_DEPRECATED_OBJC_IMPLEMENTATIONS = YES;
				CLANG_WARN_DIRECT_OBJC_ISA_USAGE = YES_ERROR;
				CLANG_WARN_DOCUMENTATION_COMMENTS = YES;
				CLANG_WARN_EMPTY_BODY = YES;
				CLANG_WARN_ENUM_CONVERSION = YES;
				CLANG_WARN_INFINITE_RECURSION = YES;
				CLANG_WARN_INT_CONVERSION = YES;
				CLANG_WARN_NON_LITERAL_NULL_CONVERSION = YES;
				CLANG_WARN_OBJC_IMPLICIT_RETAIN_SELF = YES;
				CLANG_WARN_OBJC_LITERAL_CONVERSION = YES;
				CLANG_WARN_OBJC_ROOT_CLASS = YES_ERROR;
				CLANG_WARN_RANGE_LOOP_ANALYSIS = YES;
				CLANG_WARN_STRICT_PROTOTYPES = YES;
				CLANG_WARN_SUSPICIOUS_MOVE = YES;
				CLANG_WARN_UNGUARDED_AVAILABILITY = YES_AGGRESSIVE;
				CLANG_WARN_UNREACHABLE_CODE = YES;
				CLANG_WARN__DUPLICATE_METHOD_MATCH = YES;
				CODE_SIGN_IDENTITY = "iPhone Developer";
				COPY_PHASE_STRIP = NO;
				DEBUG_INFORMATION_FORMAT = "dwarf-with-dsym";
				ENABLE_NS_ASSERTIONS = NO;
				ENABLE_STRICT_OBJC_MSGSEND = YES;
				GCC_C_LANGUAGE_STANDARD = gnu11;
				GCC_NO_COMMON_BLOCKS = YES;
				GCC_WARN_64_TO_32_BIT_CONVERSION = YES;
				GCC_WARN_ABOUT_RETURN_TYPE = YES_ERROR;
				GCC_WARN_UNDECLARED_SELECTOR = YES;
				GCC_WARN_UNINITIALIZED_AUTOS = YES_AGGRESSIVE;
				GCC_WARN_UNUSED_FUNCTION = YES;
				GCC_WARN_UNUSED_VARIABLE = YES;
				IPHONEOS_DEPLOYMENT_TARGET = 12.2;
				MTL_ENABLE_DEBUG_INFO = NO;
				MTL_FAST_MATH = YES;
				SDKROOT = iphoneos;
				SWIFT_COMPILATION_MODE = wholemodule;
				SWIFT_OPTIMIZATION_LEVEL = "-O";
				VALIDATE_PRODUCT = YES;
			};
			name = Release;
		};
		0C354C4A2294E4DB0004C42E /* Debug */ = {
			isa = XCBuildConfiguration;
			buildSettings = {
				ASSETCATALOG_COMPILER_APPICON_NAME = AppIcon;
				CODE_SIGN_STYLE = Automatic;
				DEVELOPMENT_TEAM = H7LRS49RU8;
				INFOPLIST_FILE = Snake/Info.plist;
				LD_RUNPATH_SEARCH_PATHS = (
					"$(inherited)",
					"@executable_path/Frameworks",
				);
				PRODUCT_BUNDLE_IDENTIFIER = mobile.Snake;
				PRODUCT_NAME = "$(TARGET_NAME)";
				SWIFT_VERSION = 5.0;
				TARGETED_DEVICE_FAMILY = "1,2";
			};
			name = Debug;
		};
		0C354C4B2294E4DB0004C42E /* Release */ = {
			isa = XCBuildConfiguration;
			buildSettings = {
				ASSETCATALOG_COMPILER_APPICON_NAME = AppIcon;
				CODE_SIGN_STYLE = Automatic;
				DEVELOPMENT_TEAM = H7LRS49RU8;
				INFOPLIST_FILE = Snake/Info.plist;
				LD_RUNPATH_SEARCH_PATHS = (
					"$(inherited)",
					"@executable_path/Frameworks",
				);
				PRODUCT_BUNDLE_IDENTIFIER = mobile.Snake;
				PRODUCT_NAME = "$(TARGET_NAME)";
				SWIFT_VERSION = 5.0;
				TARGETED_DEVICE_FAMILY = "1,2";
			};
			name = Release;
		};
		0C354C4D2294E4DB0004C42E /* Debug */ = {
			isa = XCBuildConfiguration;
			buildSettings = {
				ALWAYS_EMBED_SWIFT_STANDARD_LIBRARIES = YES;
				BUNDLE_LOADER = "$(TEST_HOST)";
				CODE_SIGN_STYLE = Automatic;
				DEVELOPMENT_TEAM = H7LRS49RU8;
				INFOPLIST_FILE = SnakeTests/Info.plist;
				LD_RUNPATH_SEARCH_PATHS = (
					"$(inherited)",
					"@executable_path/Frameworks",
					"@loader_path/Frameworks",
				);
				PRODUCT_BUNDLE_IDENTIFIER = mobile.SnakeTests;
				PRODUCT_NAME = "$(TARGET_NAME)";
				SWIFT_VERSION = 5.0;
				TARGETED_DEVICE_FAMILY = "1,2";
				TEST_HOST = "$(BUILT_PRODUCTS_DIR)/Snake.app/Snake";
			};
			name = Debug;
		};
		0C354C4E2294E4DB0004C42E /* Release */ = {
			isa = XCBuildConfiguration;
			buildSettings = {
				ALWAYS_EMBED_SWIFT_STANDARD_LIBRARIES = YES;
				BUNDLE_LOADER = "$(TEST_HOST)";
				CODE_SIGN_STYLE = Automatic;
				DEVELOPMENT_TEAM = H7LRS49RU8;
				INFOPLIST_FILE = SnakeTests/Info.plist;
				LD_RUNPATH_SEARCH_PATHS = (
					"$(inherited)",
					"@executable_path/Frameworks",
					"@loader_path/Frameworks",
				);
				PRODUCT_BUNDLE_IDENTIFIER = mobile.SnakeTests;
				PRODUCT_NAME = "$(TARGET_NAME)";
				SWIFT_VERSION = 5.0;
				TARGETED_DEVICE_FAMILY = "1,2";
				TEST_HOST = "$(BUILT_PRODUCTS_DIR)/Snake.app/Snake";
			};
			name = Release;
		};
		0C354C502294E4DB0004C42E /* Debug */ = {
			isa = XCBuildConfiguration;
			buildSettings = {
				ALWAYS_EMBED_SWIFT_STANDARD_LIBRARIES = YES;
				CODE_SIGN_STYLE = Automatic;
				DEVELOPMENT_TEAM = H7LRS49RU8;
				INFOPLIST_FILE = SnakeUITests/Info.plist;
				LD_RUNPATH_SEARCH_PATHS = (
					"$(inherited)",
					"@executable_path/Frameworks",
					"@loader_path/Frameworks",
				);
				PRODUCT_BUNDLE_IDENTIFIER = mobile.SnakeUITests;
				PRODUCT_NAME = "$(TARGET_NAME)";
				SWIFT_VERSION = 5.0;
				TARGETED_DEVICE_FAMILY = "1,2";
				TEST_TARGET_NAME = Snake;
			};
			name = Debug;
		};
		0C354C512294E4DB0004C42E /* Release */ = {
			isa = XCBuildConfiguration;
			buildSettings = {
				ALWAYS_EMBED_SWIFT_STANDARD_LIBRARIES = YES;
				CODE_SIGN_STYLE = Automatic;
				DEVELOPMENT_TEAM = H7LRS49RU8;
				INFOPLIST_FILE = SnakeUITests/Info.plist;
				LD_RUNPATH_SEARCH_PATHS = (
					"$(inherited)",
					"@executable_path/Frameworks",
					"@loader_path/Frameworks",
				);
				PRODUCT_BUNDLE_IDENTIFIER = mobile.SnakeUITests;
				PRODUCT_NAME = "$(TARGET_NAME)";
				SWIFT_VERSION = 5.0;
				TARGETED_DEVICE_FAMILY = "1,2";
				TEST_TARGET_NAME = Snake;
			};
			name = Release;
		};
/* End XCBuildConfiguration section */

/* Begin XCConfigurationList section */
		0C354C162294E4DA0004C42E /* Build configuration list for PBXProject "Snake" */ = {
			isa = XCConfigurationList;
			buildConfigurations = (
				0C354C472294E4DB0004C42E /* Debug */,
				0C354C482294E4DB0004C42E /* Release */,
			);
			defaultConfigurationIsVisible = 0;
			defaultConfigurationName = Release;
		};
		0C354C492294E4DB0004C42E /* Build configuration list for PBXNativeTarget "Snake" */ = {
			isa = XCConfigurationList;
			buildConfigurations = (
				0C354C4A2294E4DB0004C42E /* Debug */,
				0C354C4B2294E4DB0004C42E /* Release */,
			);
			defaultConfigurationIsVisible = 0;
			defaultConfigurationName = Release;
		};
		0C354C4C2294E4DB0004C42E /* Build configuration list for PBXNativeTarget "SnakeTests" */ = {
			isa = XCConfigurationList;
			buildConfigurations = (
				0C354C4D2294E4DB0004C42E /* Debug */,
				0C354C4E2294E4DB0004C42E /* Release */,
			);
			defaultConfigurationIsVisible = 0;
			defaultConfigurationName = Release;
		};
		0C354C4F2294E4DB0004C42E /* Build configuration list for PBXNativeTarget "SnakeUITests" */ = {
			isa = XCConfigurationList;
			buildConfigurations = (
				0C354C502294E4DB0004C42E /* Debug */,
				0C354C512294E4DB0004C42E /* Release */,
			);
			defaultConfigurationIsVisible = 0;
			defaultConfigurationName = Release;
		};
/* End XCConfigurationList section */
	};
	rootObject = 0C354C132294E4DA0004C42E /* Project object */;
}
